{
  "name": "dc0e4954-6b9c-46db-8eac-f00ccdeef429",
  "version": "1.0.0",
  "lockfileVersion": 1,
  "requires": true,
  "dependencies": {
    "@dcl/crypto-utils": {
      "version": "1.0.2",
      "resolved": "https://registry.npmjs.org/@dcl/crypto-utils/-/crypto-utils-1.0.2.tgz",
      "integrity": "sha512-jLuFIiZsd8xAMzkTS5ZTrOEogKQFMRo/i6W/wP8f8Z+7iG5Ex6RSZlFupSe9FA2DHzMTmB+YcH2+ht3X6RwmCw==",
      "requires": {
        "decentraland-ecs": "^6.4.10",
        "eth-connect": "^4.0.2"
      },
      "dependencies": {
        "decentraland-ecs": {
          "version": "6.4.10",
          "resolved": "https://registry.npmjs.org/decentraland-ecs/-/decentraland-ecs-6.4.10.tgz",
          "integrity": "sha512-r4ByNXM2ERhHsjBX5EOVTKgfP5GgdWhvjvpsJjm0Avj8LTtBMy1AjBoYp/ZnM/glX3e07tyQO6/yc0y+aZbTrg==",
          "requires": {
            "typescript": "^3.8.3",
            "uglify-js": "^3.5.2"
          }
        }
      }
    },
    "commander": {
      "version": "2.20.3",
      "resolved": "https://registry.npmjs.org/commander/-/commander-2.20.3.tgz",
      "integrity": "sha512-GpVkmM8vF2vQUkj2LvZmD35JxeJOLCwJ9cUkugyk2nuhbv3+mJvpLYYt+0+USMxE+oj+ey/lJEnhZw75x/OMcQ=="
    },
    "decentraland-builder-scripts": {
      "version": "0.24.0",
      "resolved": "https://registry.npmjs.org/decentraland-builder-scripts/-/decentraland-builder-scripts-0.24.0.tgz",
      "integrity": "sha512-gqCwQCLX1oez3rACmeqmVUyYmcwZmpk2VozfBF4LRMawgX1YoInraKbuOTs+2DbrDG8zmbDGDCj6wAeLsg7irA==",
      "requires": {
        "decentraland-ecs": "^6.1.4"
      },
      "dependencies": {
        "decentraland-ecs": {
          "version": "6.4.10",
          "resolved": "https://registry.npmjs.org/decentraland-ecs/-/decentraland-ecs-6.4.10.tgz",
          "integrity": "sha512-r4ByNXM2ERhHsjBX5EOVTKgfP5GgdWhvjvpsJjm0Avj8LTtBMy1AjBoYp/ZnM/glX3e07tyQO6/yc0y+aZbTrg==",
          "requires": {
            "typescript": "^3.8.3",
            "uglify-js": "^3.5.2"
          }
        }
      }
    },
    "decentraland-ecs": {
      "version": "6.4.11-20200825193900.commit-e99624e",
      "resolved": "https://registry.npmjs.org/decentraland-ecs/-/decentraland-ecs-6.4.11-20200825193900.commit-e99624e.tgz",
      "integrity": "sha512-fHBa+1e569gTPO0JJ+4SfF0w/dQQkN433afrC9XketazB6b9q7NjH6kzdO7eecSyibAD4hvyur33lZ9ZGRiFow==",
      "dev": true,
      "requires": {
        "typescript": "^3.8.3",
        "uglify-js": "^3.5.2"
      }
    },
    "decentraland-ecs-utils": {
      "version": "1.1.4",
      "resolved": "https://registry.npmjs.org/decentraland-ecs-utils/-/decentraland-ecs-utils-1.1.4.tgz",
      "integrity": "sha512-OVVvkeF7bLbE6HmA4XhsP9X2gawvsh8lwqcK49Olm8sz+3I3YtZxZk9IMdjjsPAYyX1B/08v0ZDjSZdWBIm2lw=="
    },
    "eth-connect": {
      "version": "4.0.2",
      "resolved": "https://registry.npmjs.org/eth-connect/-/eth-connect-4.0.2.tgz",
      "integrity": "sha512-ifDMf6KHhKSH2uULOYfjGN9JqyZ3WlSkhAenBNzYdfDLwelXCXzXDAx7Ta2zueOag9x8o/JstCy2Nbsrgs3kVg=="
    },
    "typescript": {
      "version": "3.9.5",
      "resolved": "https://registry.npmjs.org/typescript/-/typescript-3.9.5.tgz",
      "integrity": "sha512-hSAifV3k+i6lEoCJ2k6R2Z/rp/H3+8sdmcn5NrS3/3kE7+RyZXm9aqvxWqjEXHAd8b0pShatpcdMTvEdvAJltQ=="
    },
    "uglify-js": {
      "version": "3.9.4",
      "resolved": "https://registry.npmjs.org/uglify-js/-/uglify-js-3.9.4.tgz",
      "integrity": "sha512-8RZBJq5smLOa7KslsNsVcSH+KOXf1uDU8yqLeNuVKwmT0T3FA0ZoXlinQfRad7SDcbZZRZE4ov+2v71EnxNyCA==",
      "requires": {
        "commander": "~2.20.3"
      }
    }
  }
}
