{
  "name": "dc0e4954-6b9c-46db-8eac-f00ccdeef429",
  "version": "1.0.0",
  "lockfileVersion": 1,
  "requires": true,
  "dependencies": {
    "commander": {
      "version": "2.20.3",
      "resolved": "https://registry.npmjs.org/commander/-/commander-2.20.3.tgz",
      "integrity": "sha512-GpVkmM8vF2vQUkj2LvZmD35JxeJOLCwJ9cUkugyk2nuhbv3+mJvpLYYt+0+USMxE+oj+ey/lJEnhZw75x/OMcQ=="
    },
    "decentraland-builder-scripts": {
      "version": "0.24.0",
      "resolved": "https://registry.npmjs.org/decentraland-builder-scripts/-/decentraland-builder-scripts-0.24.0.tgz",
      "integrity": "sha512-gqCwQCLX1oez3rACmeqmVUyYmcwZmpk2VozfBF4LRMawgX1YoInraKbuOTs+2DbrDG8zmbDGDCj6wAeLsg7irA==",
      "requires": {
        "decentraland-ecs": "^6.1.4"
      }
    },
    "decentraland-crypto-utils": {
      "version": "git+https://github.com/HPrivakos/decentraland-crypto-utils.git#95dfbb3df545e26a9be979848088809307019188",
      "from": "git+https://github.com/HPrivakos/decentraland-crypto-utils.git",
      "requires": {
        "decentraland-ecs": "^6.4.8",
        "eth-connect": "^4.0.2"
      }
    },
    "decentraland-ecs": {
      "version": "6.4.8",
      "resolved": "https://registry.npmjs.org/decentraland-ecs/-/decentraland-ecs-6.4.8.tgz",
      "integrity": "sha512-os6t2/eqi2TdfW7sl7ZCoMteIxmRpRUOV8Z5ddwdsjU/B3LL8NWp4x/G8MToZ/Rkw1sd4F9SRfeBChdo6xAnCQ==",
      "requires": {
        "typescript": "^3.8.3",
        "uglify-js": "^3.5.2"
      }
    },
    "decentraland-ecs-utils": {
      "version": "1.1.4",
      "resolved": "https://registry.npmjs.org/decentraland-ecs-utils/-/decentraland-ecs-utils-1.1.4.tgz",
      "integrity": "sha512-OVVvkeF7bLbE6HmA4XhsP9X2gawvsh8lwqcK49Olm8sz+3I3YtZxZk9IMdjjsPAYyX1B/08v0ZDjSZdWBIm2lw=="
    },
    "eth-connect": {
      "version": "4.0.2",
      "resolved": "https://registry.npmjs.org/eth-connect/-/eth-connect-4.0.2.tgz",
      "integrity": "sha512-ifDMf6KHhKSH2uULOYfjGN9JqyZ3WlSkhAenBNzYdfDLwelXCXzXDAx7Ta2zueOag9x8o/JstCy2Nbsrgs3kVg=="
    },
    "typescript": {
      "version": "3.9.5",
      "resolved": "https://registry.npmjs.org/typescript/-/typescript-3.9.5.tgz",
      "integrity": "sha512-hSAifV3k+i6lEoCJ2k6R2Z/rp/H3+8sdmcn5NrS3/3kE7+RyZXm9aqvxWqjEXHAd8b0pShatpcdMTvEdvAJltQ=="
    },
    "uglify-js": {
      "version": "3.9.4",
      "resolved": "https://registry.npmjs.org/uglify-js/-/uglify-js-3.9.4.tgz",
      "integrity": "sha512-8RZBJq5smLOa7KslsNsVcSH+KOXf1uDU8yqLeNuVKwmT0T3FA0ZoXlinQfRad7SDcbZZRZE4ov+2v71EnxNyCA==",
      "requires": {
        "commander": "~2.20.3"
      }
    }
  }
}
